
Microsoft Visual Studio Solution File, Format Version 12.00
# Visual Studio Version 17
VisualStudioVersion = 17.8.34322.80
MinimumVisualStudioVersion = 10.0.40219.1
Project("{2150E333-8FDC-42A3-9474-1A3956D46DE8}") = "1.HelloWorld", "1.HelloWorld", "{FB3B85A3-6AF9-460E-898C-7823D14617CB}"
EndProject
Project("{9A19103F-16F7-4668-BE54-9A1E7A4F7556}") = "Send", "1.HelloWorld\Send\Send.csproj", "{2AB6CEAD-F216-48FA-B289-38D3F24A9994}"
EndProject
Project("{9A19103F-16F7-4668-BE54-9A1E7A4F7556}") = "Receive", "1.HelloWorld\Receive\Receive.csproj", "{2C391AB5-B387-45D2-A293-21781544531F}"
EndProject
Project("{2150E333-8FDC-42A3-9474-1A3956D46DE8}") = "2.WorkQueues", "2.WorkQueues", "{A4AA2DFF-03DA-4767-9910-E3B266944632}"
EndProject
Project("{9A19103F-16F7-4668-BE54-9A1E7A4F7556}") = "NewTask", "2.WorkQueues\NewTask\NewTask.csproj", "{0E310F86-5DB6-4F43-87E9-782ECD7E025F}"
EndProject
Project("{FAE04EC0-301F-11D3-BF4B-00C04F79EFBC}") = "Worker", "2.WorkQueues\Worker\Worker.csproj", "{6C5000FD-8D4D-4B66-B7A8-D08C4CECE5F3}"
EndProject
Project("{2150E333-8FDC-42A3-9474-1A3956D46DE8}") = "3.PublishSubscribe", "3.PublishSubscribe", "{66133879-0E1D-4AD2-81B9-2BD9B9146554}"
EndProject
Project("{FAE04EC0-301F-11D3-BF4B-00C04F79EFBC}") = "EmitLog", "3.PublishSubscribe\EmitLog\EmitLog.csproj", "{5FDA6DC6-B79F-4C1A-AB67-8878E17AD6D4}"
EndProject
Project("{FAE04EC0-301F-11D3-BF4B-00C04F79EFBC}") = "ReceiveLogs", "3.PublishSubscribe\ReceiveLogs\ReceiveLogs.csproj", "{51D289A3-F144-4CB5-95CB-83CFEC2032C2}"
EndProject
Project("{2150E333-8FDC-42A3-9474-1A3956D46DE8}") = "4.Routing", "4.Routing", "{8755EE30-5ACC-4286-BD16-6815613027C6}"
EndProject
Project("{FAE04EC0-301F-11D3-BF4B-00C04F79EFBC}") = "EmitLogDirect", "4.Routing\EmitLogDirect\EmitLogDirect.csproj", "{07118D64-F1BB-4EC3-8B15-56E0B78C3388}"
EndProject
Project("{FAE04EC0-301F-11D3-BF4B-00C04F79EFBC}") = "ReceiveLogsDirect", "4.Routing\ReceiveLogsDirect\ReceiveLogsDirect.csproj", "{05F178EA-2A2E-4FDA-ACEB-E19E0FD6C2E8}"
EndProject
Global
	GlobalSection(SolutionConfigurationPlatforms) = preSolution
		Debug|Any CPU = Debug|Any CPU
		Release|Any CPU = Release|Any CPU
	EndGlobalSection
	GlobalSection(ProjectConfigurationPlatforms) = postSolution
		{2AB6CEAD-F216-48FA-B289-38D3F24A9994}.Debug|Any CPU.ActiveCfg = Debug|Any CPU
		{2AB6CEAD-F216-48FA-B289-38D3F24A9994}.Debug|Any CPU.Build.0 = Debug|Any CPU
		{2AB6CEAD-F216-48FA-B289-38D3F24A9994}.Release|Any CPU.ActiveCfg = Release|Any CPU
		{2AB6CEAD-F216-48FA-B289-38D3F24A9994}.Release|Any CPU.Build.0 = Release|Any CPU
		{2C391AB5-B387-45D2-A293-21781544531F}.Debug|Any CPU.ActiveCfg = Debug|Any CPU
		{2C391AB5-B387-45D2-A293-21781544531F}.Debug|Any CPU.Build.0 = Debug|Any CPU
		{2C391AB5-B387-45D2-A293-21781544531F}.Release|Any CPU.ActiveCfg = Release|Any CPU
		{2C391AB5-B387-45D2-A293-21781544531F}.Release|Any CPU.Build.0 = Release|Any CPU
		{0E310F86-5DB6-4F43-87E9-782ECD7E025F}.Debug|Any CPU.ActiveCfg = Debug|Any CPU
		{0E310F86-5DB6-4F43-87E9-782ECD7E025F}.Debug|Any CPU.Build.0 = Debug|Any CPU
		{0E310F86-5DB6-4F43-87E9-782ECD7E025F}.Release|Any CPU.ActiveCfg = Release|Any CPU
		{0E310F86-5DB6-4F43-87E9-782ECD7E025F}.Release|Any CPU.Build.0 = Release|Any CPU
		{6C5000FD-8D4D-4B66-B7A8-D08C4CECE5F3}.Debug|Any CPU.ActiveCfg = Debug|Any CPU
		{6C5000FD-8D4D-4B66-B7A8-D08C4CECE5F3}.Debug|Any CPU.Build.0 = Debug|Any CPU
		{6C5000FD-8D4D-4B66-B7A8-D08C4CECE5F3}.Release|Any CPU.ActiveCfg = Release|Any CPU
		{6C5000FD-8D4D-4B66-B7A8-D08C4CECE5F3}.Release|Any CPU.Build.0 = Release|Any CPU
		{5FDA6DC6-B79F-4C1A-AB67-8878E17AD6D4}.Debug|Any CPU.ActiveCfg = Debug|Any CPU
		{5FDA6DC6-B79F-4C1A-AB67-8878E17AD6D4}.Debug|Any CPU.Build.0 = Debug|Any CPU
		{5FDA6DC6-B79F-4C1A-AB67-8878E17AD6D4}.Release|Any CPU.ActiveCfg = Release|Any CPU
		{5FDA6DC6-B79F-4C1A-AB67-8878E17AD6D4}.Release|Any CPU.Build.0 = Release|Any CPU
		{51D289A3-F144-4CB5-95CB-83CFEC2032C2}.Debug|Any CPU.ActiveCfg = Debug|Any CPU
		{51D289A3-F144-4CB5-95CB-83CFEC2032C2}.Debug|Any CPU.Build.0 = Debug|Any CPU
		{51D289A3-F144-4CB5-95CB-83CFEC2032C2}.Release|Any CPU.ActiveCfg = Release|Any CPU
		{51D289A3-F144-4CB5-95CB-83CFEC2032C2}.Release|Any CPU.Build.0 = Release|Any CPU
		{07118D64-F1BB-4EC3-8B15-56E0B78C3388}.Debug|Any CPU.ActiveCfg = Debug|Any CPU
		{07118D64-F1BB-4EC3-8B15-56E0B78C3388}.Debug|Any CPU.Build.0 = Debug|Any CPU
		{07118D64-F1BB-4EC3-8B15-56E0B78C3388}.Release|Any CPU.ActiveCfg = Release|Any CPU
		{07118D64-F1BB-4EC3-8B15-56E0B78C3388}.Release|Any CPU.Build.0 = Release|Any CPU
		{05F178EA-2A2E-4FDA-ACEB-E19E0FD6C2E8}.Debug|Any CPU.ActiveCfg = Debug|Any CPU
		{05F178EA-2A2E-4FDA-ACEB-E19E0FD6C2E8}.Debug|Any CPU.Build.0 = Debug|Any CPU
		{05F178EA-2A2E-4FDA-ACEB-E19E0FD6C2E8}.Release|Any CPU.ActiveCfg = Release|Any CPU
		{05F178EA-2A2E-4FDA-ACEB-E19E0FD6C2E8}.Release|Any CPU.Build.0 = Release|Any CPU
	EndGlobalSection
	GlobalSection(SolutionProperties) = preSolution
		HideSolutionNode = FALSE
	EndGlobalSection
	GlobalSection(NestedProjects) = preSolution
		{2AB6CEAD-F216-48FA-B289-38D3F24A9994} = {FB3B85A3-6AF9-460E-898C-7823D14617CB}
		{2C391AB5-B387-45D2-A293-21781544531F} = {FB3B85A3-6AF9-460E-898C-7823D14617CB}
		{0E310F86-5DB6-4F43-87E9-782ECD7E025F} = {A4AA2DFF-03DA-4767-9910-E3B266944632}
		{6C5000FD-8D4D-4B66-B7A8-D08C4CECE5F3} = {A4AA2DFF-03DA-4767-9910-E3B266944632}
		{5FDA6DC6-B79F-4C1A-AB67-8878E17AD6D4} = {66133879-0E1D-4AD2-81B9-2BD9B9146554}
		{51D289A3-F144-4CB5-95CB-83CFEC2032C2} = {66133879-0E1D-4AD2-81B9-2BD9B9146554}
		{07118D64-F1BB-4EC3-8B15-56E0B78C3388} = {8755EE30-5ACC-4286-BD16-6815613027C6}
		{05F178EA-2A2E-4FDA-ACEB-E19E0FD6C2E8} = {8755EE30-5ACC-4286-BD16-6815613027C6}
	EndGlobalSection
	GlobalSection(ExtensibilityGlobals) = postSolution
		SolutionGuid = {53FD281C-4465-46B8-8B6B-FA4CF73C4F5C}
	EndGlobalSection
EndGlobal
